GIT
  remote: git://github.com/flingbob/acts_as_follower.git
  revision: 28a1f3f98ba7965a9b546aad8fdac325927989ee
  specs:
    acts_as_follower (0.1.1)

GIT
  remote: git://github.com/jasl/guard-delayed.git
  revision: d7bb1b89263b321917fb0084fbd255cf90c556a1
  specs:
    guard-delayed (0.2.2)
      daemons
      delayed_job
      guard (> 0.3)

GIT
  remote: git://github.com/norman/friendly_id.git
  revision: 9a2086d8f2e3260318470674104be3b1254c8b2d
  branch: master
  specs:
    friendly_id (5.0.0.beta1)

GIT
  remote: git://github.com/saberma/alipay.git
  revision: 356eff558c1efcf3cf635710eaabc95d2d183445
  specs:
    alipay (0.0.2)

GIT
  remote: git://github.com/saberma/priceable.git
  revision: 72f6322f798353ae2d740306bf4d38563a21e631
  specs:
    priceable (0.0.7)

GIT
  remote: git://github.com/scambra/devise_invitable.git
  revision: 9e5a9a7e0e5ad489206386865efdfca5b87de62b
  specs:
    devise_invitable (1.1.8)
      actionmailer (>= 3.2.6, < 5)
      devise (>= 3.0.0.rc)

GIT
  remote: git://github.com/searls/jasmine-rails.git
  revision: d1140c3a6ba6947af0df3c865198b3555640b5c6
  specs:
    jasmine-rails (0.4.5)
      jasmine-core (~> 1.3)
      rails (>= 3.1.0)
      sprockets-rails

GEM
  remote: http://ruby.taobao.org/
  specs:
    actionmailer (4.0.0)
      actionpack (= 4.0.0)
      mail (~> 2.5.3)
    actionpack (4.0.0)
      activesupport (= 4.0.0)
      builder (~> 3.1.0)
      erubis (~> 2.7.0)
      rack (~> 1.5.2)
      rack-test (~> 0.6.2)
    activemodel (4.0.0)
      activesupport (= 4.0.0)
      builder (~> 3.1.0)
    activerecord (4.0.0)
      activemodel (= 4.0.0)
      activerecord-deprecated_finders (~> 1.0.2)
      activesupport (= 4.0.0)
      arel (~> 4.0.0)
    activerecord-deprecated_finders (1.0.3)
    activesupport (4.0.0)
      i18n (~> 0.6, >= 0.6.4)
      minitest (~> 4.2)
      multi_json (~> 1.3)
      thread_safe (~> 0.1)
      tzinfo (~> 0.3.37)
    angularjs-rails (1.0.7)
    arel (4.0.0)
    atomic (1.1.12)
    axlsx (2.0.0)
      htmlentities (~> 4.3.1)
      nokogiri (>= 1.4.1)
      rubyzip (= 0.9.9)
    axlsx_rails (0.1.5)
      axlsx
      rails (>= 3.1)
    bcrypt-ruby (3.1.1)
    bcrypt-ruby (3.1.1-x86-mingw32)
    bootstrap-datepicker-rails (1.1.1.6)
      railties (>= 3.0)
    bootstrap-sass (2.3.2.1)
      sass (~> 3.2)
    bootstrap-timepicker-rails-addon (0.2.3.2)
      railties (>= 3.1, < 5.0)
    builder (3.1.4)
    cancan (1.6.10)
    capistrano (2.15.5)
      highline
      net-scp (>= 1.0.0)
      net-sftp (>= 2.0.0)
      net-ssh (>= 2.0.14)
      net-ssh-gateway (>= 1.1.0)
    capybara (2.1.0)
      mime-types (>= 1.16)
      nokogiri (>= 1.3.3)
      rack (>= 1.0.0)
      rack-test (>= 0.5.4)
      xpath (~> 2.0)
    capybara-email (2.1.3)
      capybara (~> 2.1.0)
      mail
    carrierwave (0.9.0)
      activemodel (>= 3.2.0)
      activesupport (>= 3.2.0)
      json (>= 1.7)
    childprocess (0.3.9)
      ffi (~> 1.0, >= 1.0.11)
    china_city (0.0.1)
      jquery-rails (~> 3.0.4)
      rails (~> 4.0.0)
    china_sms (0.0.5)
    chronic (0.9.1)
    coderay (1.0.9)
    coffee-rails (4.0.0)
      coffee-script (>= 2.2.0)
      railties (>= 4.0.0.beta, < 5.0)
    coffee-script (2.2.0)
      coffee-script-source
      execjs
    coffee-script-source (1.6.3)
    cohort_me (0.0.3)
    colorize (0.5.8)
    coveralls (0.6.7)
      colorize
      multi_json (~> 1.3)
      rest-client
      simplecov (>= 0.7)
      thor
    daemons (1.1.9)
    database_cleaner (1.0.1)
    delayed_job (4.0.0)
      activesupport (>= 3.0, < 4.1)
    delayed_job_active_record (4.0.0)
      activerecord (>= 3.0, < 4.1)
      delayed_job (>= 3.0, < 4.1)
    devise (3.0.2)
      bcrypt-ruby (~> 3.0)
      orm_adapter (~> 0.1)
      railties (>= 3.2.6, < 5)
      warden (~> 1.2.3)
    diff-lcs (1.2.4)
    em-websocket (0.5.0)
      eventmachine (>= 0.12.9)
      http_parser.rb (~> 0.5.3)
    erubis (2.7.0)
    escape_utils (0.2.4)
    eventmachine (1.0.3)
    eventmachine (1.0.3-x86-mingw32)
    exception_notification (4.0.0)
      actionmailer (>= 3.0.4)
      activesupport (>= 3.0.4)
    execjs (1.4.0)
      multi_json (~> 1.0)
    factory_girl (4.2.0)
      activesupport (>= 3.0.0)
    factory_girl_rails (4.2.1)
      factory_girl (~> 4.2.0)
      railties (>= 3.0.0)
    faye-websocket (0.4.7)
      eventmachine (>= 0.12.0)
    ffi (1.9.0)
    ffi (1.9.0-x86-mingw32)
    formatador (0.2.4)
    gemoji (1.4.0)
    github-markdown (0.5.3)
    gravtastic (3.2.6)
    guard (1.8.2)
      formatador (>= 0.2.4)
      listen (>= 1.0.0)
      lumberjack (>= 1.0.2)
      pry (>= 0.9.10)
      thor (>= 0.14.6)
    guard-livereload (1.4.0)
      em-websocket (>= 0.5.0)
      guard (>= 1.8.0)
      multi_json (~> 1.7)
    guard-rails (0.4.7)
      guard (>= 0.2.2)
    guard-zeus (0.0.1)
      guard
      zeus
    has_html_pipeline (0.0.1)
    highline (1.6.19)
    hike (1.2.3)
    html-pipeline (0.0.8)
      activesupport (>= 2)
      escape_utils (~> 0.2)
      gemoji (~> 1.0)
      github-markdown (~> 0.5)
      nokogiri (~> 1.4)
      rinku (~> 1.7)
      sanitize (~> 2.0)
    htmlentities (4.3.1)
    http_parser.rb (0.5.3)
    http_parser.rb (0.5.3-x86-mingw32)
    i18n (0.6.5)
    jasmine-core (1.3.1)
    jbuilder (1.5.0)
      activesupport (>= 3.0.0)
      multi_json (>= 1.2.0)
    jquery-datatables-rails (1.11.2)
      jquery-rails
    jquery-fileupload-rails (0.4.1)
      actionpack (>= 3.1)
      railties (>= 3.1)
    jquery-rails (3.0.4)
      railties (>= 3.0, < 5.0)
      thor (>= 0.14, < 2.0)
    json (1.8.0)
    kgio (2.8.0)
    listen (1.2.3)
      rb-fsevent (>= 0.9.3)
      rb-inotify (>= 0.9)
      rb-kqueue (>= 0.2)
    lumberjack (1.0.4)
    mail (2.5.4)
      mime-types (~> 1.16)
      treetop (~> 1.4.8)
    mails_viewer (0.1.1)
      jquery-datatables-rails
      jquery-rails (>= 2.0.1)
      rails (>= 3.1.0)
    method_source (0.8.2)
    mime-types (1.23)
    mini_magick (3.5.0)
      subexec (~> 0.2.1)
    mini_portile (0.5.1)
    minitest (4.7.5)
    multi_json (1.7.9)
    mysql2 (0.3.11)
    mysql2 (0.3.11-x86-mingw32)
    net-scp (1.1.2)
      net-ssh (>= 2.6.5)
    net-sftp (2.1.2)
      net-ssh (>= 2.6.5)
    net-ssh (2.6.8)
    net-ssh-gateway (1.2.0)
      net-ssh (>= 2.6.5)
    nokogiri (1.6.0)
      mini_portile (~> 0.5.0)
    nokogiri (1.6.0-x86-mingw32)
      mini_portile (~> 0.5.0)
    orm_adapter (0.4.0)
    pg (0.16.0)
    pg (0.16.0-x86-mingw32)
    poltergeist (1.3.0)
      capybara (~> 2.1.0)
      faye-websocket (>= 0.4.4, < 0.5.0)
      http_parser.rb (~> 0.5.3)
    polyamorous (0.6.4)
      activerecord (>= 3.0)
    polyglot (0.3.3)
    pry (0.9.12.2)
      coderay (~> 1.0.5)
      method_source (~> 0.8)
      slop (~> 3.4)
    pry (0.9.12.2-x86-mingw32)
      coderay (~> 1.0.5)
      method_source (~> 0.8)
      slop (~> 3.4)
      win32console (~> 1.3)
    pry-nav (0.2.3)
      pry (~> 0.9.10)
    pry-rails (0.3.2)
      pry (>= 0.9.10)
    quiet_assets (1.0.2)
      railties (>= 3.1, < 5.0)
    rabl (0.8.6)
      activesupport (>= 2.3.14)
    rack (1.5.2)
    rack-test (0.6.2)
      rack (>= 1.0)
    rails (4.0.0)
      actionmailer (= 4.0.0)
      actionpack (= 4.0.0)
      activerecord (= 4.0.0)
      activesupport (= 4.0.0)
      bundler (>= 1.3.0, < 2.0)
      railties (= 4.0.0)
      sprockets-rails (~> 2.0.0)
    rails-observers (0.1.2)
      activemodel (~> 4.0)
    rails-timeago (2.5.1)
      actionpack (>= 3.1)
      activesupport (>= 3.1)
    railties (4.0.0)
      actionpack (= 4.0.0)
      activesupport (= 4.0.0)
      rake (>= 0.8.7)
      thor (>= 0.18.1, < 2.0)
    raindrops (0.11.0)
    rake (10.1.0)
    ransack (1.0.0)
      actionpack (>= 3.0)
      activerecord (>= 3.0)
      polyamorous (~> 0.6.0)
    rb-fsevent (0.9.3)
    rb-inotify (0.9.1)
      ffi (>= 0.5.0)
    rb-kqueue (0.2.0)
      ffi (>= 0.5.0)
    rest-client (1.6.7)
      mime-types (>= 1.16)
    rinku (1.7.3)
    rspec-core (2.14.4)
    rspec-expectations (2.14.1)
      diff-lcs (>= 1.1.3, < 2.0)
    rspec-mocks (2.14.3)
    rspec-rails (2.14.0)
      actionpack (>= 3.0)
      activesupport (>= 3.0)
      railties (>= 3.0)
      rspec-core (~> 2.14.0)
      rspec-expectations (~> 2.14.0)
      rspec-mocks (~> 2.14.0)
    ruby-graphviz (1.0.9)
    rubyzip (0.9.9)
    rvm-capistrano (1.4.3)
      capistrano (>= 2.15.4)
    sanitize (2.0.6)
      nokogiri (>= 1.4.4)
    sass (3.2.10)
    sass-rails (4.0.0)
      railties (>= 4.0.0.beta, < 5.0)
      sass (>= 3.1.10)
      sprockets-rails (~> 2.0.0)
    selenium-webdriver (2.34.0)
      childprocess (>= 0.2.5)
      multi_json (~> 1.0)
      rubyzip
      websocket (~> 1.0.4)
    settingslogic (2.0.9)
    simple_form (3.0.0.rc)
      actionpack (>= 4.0.0.rc1, < 4.1)
      activemodel (>= 4.0.0.rc1, < 4.1)
    simplecov (0.7.1)
      multi_json (~> 1.0)
      simplecov-html (~> 0.7.1)
    simplecov-html (0.7.1)
    slim (1.3.9)
      temple (~> 0.6.3)
      tilt (~> 1.3, >= 1.3.3)
    slim-rails (1.1.1)
      actionpack (>= 3.0, < 4.1)
      activesupport (>= 3.0, < 4.1)
      railties (>= 3.0, < 4.1)
      slim (~> 1.3)
    slop (3.4.6)
    sprockets (2.10.0)
      hike (~> 1.2)
      multi_json (~> 1.0)
      rack (~> 1.0)
      tilt (~> 1.1, != 1.3.0)
    sprockets-rails (2.0.0)
      actionpack (>= 3.0)
      activesupport (>= 3.0)
      sprockets (~> 2.8)
    sqlite3 (1.3.7)
    sqlite3 (1.3.7-x86-mingw32)
    state_machine (1.2.0)
    state_machine-audit_trail (0.1.3)
      state_machine
    subexec (0.2.3)
    tabs_on_rails (2.2.0)
    temple (0.6.6)
    thin (1.5.1)
      daemons (>= 1.0.9)
      eventmachine (>= 0.12.6)
      rack (>= 1.0.0)
    thor (0.18.1)
    thread_safe (0.1.2)
      atomic
    tilt (1.4.1)
    timecop (0.6.3)
    treetop (1.4.14)
      polyglot
      polyglot (>= 0.3.1)
    tzinfo (0.3.37)
    uglifier (2.1.2)
      execjs (>= 0.3.0)
      multi_json (~> 1.0, >= 1.0.2)
    unicorn (4.6.3)
      kgio (~> 2.6)
      rack
      raindrops (~> 0.7)
    warden (1.2.3)
      rack (>= 1.0)
    websocket (1.0.7)
    whenever (0.8.4)
      activesupport (>= 2.3.4)
      chronic (>= 0.6.3)
    win32console (1.3.2-x86-mingw32)
    xpath (2.0.0)
      nokogiri (~> 1.3)
    zeus (0.13.3)
      method_source (>= 0.6.7)

PLATFORMS
  ruby
  x86-mingw32

DEPENDENCIES
  activerecord-jdbcpostgresql-adapter
  acts_as_follower!
  alipay!
  angularjs-rails
  axlsx_rails
  bootstrap-datepicker-rails
  bootstrap-sass (~> 2.3.2.0)
  bootstrap-timepicker-rails-addon
  cancan
  capybara
  capybara-email
  carrierwave
  china_city
  china_sms
  coffee-rails (~> 4.0.0)
  cohort_me
  coveralls
  daemons
  database_cleaner (= 1.0.1)
  delayed_job (~> 4.0.0.beta2)
  delayed_job_active_record (~> 4.0.0.beta3)
  devise (~> 3.0.1)
  devise_invitable!
  escape_utils (= 0.2.4)
  exception_notification
  factory_girl_rails (~> 4.0)
  friendly_id!
  gravtastic
  guard-delayed!
  guard-livereload
  guard-rails
  guard-zeus
  has_html_pipeline
  html-pipeline
  jasmine-rails!
  jbuilder
  jquery-fileupload-rails
  jquery-rails
  kramdown
  mails_viewer
  mini_magick (= 3.5.0)
  mysql2 (= 0.3.11)
  pg
  poltergeist
  priceable!
  pry-nav
  pry-rails
  quiet_assets
  rabl
  rails (~> 4.0.0)
  rails-observers
  rails-timeago
  ransack
  rspec-rails
  ruby-graphviz
  rvm-capistrano
  sass-rails (~> 4.0.0)
  selenium-webdriver
  settingslogic
  simple_form (~> 3.0.0.rc)
  simplecov
  slim-rails (~> 1.1.1)
  sqlite3
  state_machine
  state_machine-audit_trail
  tabs_on_rails
  thin (~> 1.5.0)
  timecop
  uglifier (>= 1.3.0)
  unicorn
  whenever
